
Microsoft Visual Studio Solution File, Format Version 12.00
# Visual Studio Version 16
VisualStudioVersion = 16.0.29806.167
MinimumVisualStudioVersion = 10.0.40219.1
Project("{9A19103F-16F7-4668-BE54-9A1E7A4F7556}") = "ValidacoesBiblioteca", "ValidacoesBiblioteca\ValidacoesBiblioteca.csproj", "{3D53AF92-0007-49C3-B5C7-BB80D3483145}"
EndProject
Project("{FAE04EC0-301F-11D3-BF4B-00C04F79EFBC}") = "TelaValidacao", "TelaValidacao\TelaValidacao.csproj", "{59702C97-B48D-4BAF-B217-A39E95A7FBF2}"
EndProject
Global
	GlobalSection(SolutionConfigurationPlatforms) = preSolution
		Debug|Any CPU = Debug|Any CPU
		Release|Any CPU = Release|Any CPU
	EndGlobalSection
	GlobalSection(ProjectConfigurationPlatforms) = postSolution
		{3D53AF92-0007-49C3-B5C7-BB80D3483145}.Debug|Any CPU.ActiveCfg = Debug|Any CPU
		{3D53AF92-0007-49C3-B5C7-BB80D3483145}.Debug|Any CPU.Build.0 = Debug|Any CPU
		{3D53AF92-0007-49C3-B5C7-BB80D3483145}.Release|Any CPU.ActiveCfg = Release|Any CPU
		{3D53AF92-0007-49C3-B5C7-BB80D3483145}.Release|Any CPU.Build.0 = Release|Any CPU
		{59702C97-B48D-4BAF-B217-A39E95A7FBF2}.Debug|Any CPU.ActiveCfg = Debug|Any CPU
		{59702C97-B48D-4BAF-B217-A39E95A7FBF2}.Debug|Any CPU.Build.0 = Debug|Any CPU
		{59702C97-B48D-4BAF-B217-A39E95A7FBF2}.Release|Any CPU.ActiveCfg = Release|Any CPU
		{59702C97-B48D-4BAF-B217-A39E95A7FBF2}.Release|Any CPU.Build.0 = Release|Any CPU
	EndGlobalSection
	GlobalSection(SolutionProperties) = preSolution
		HideSolutionNode = FALSE
	EndGlobalSection
	GlobalSection(ExtensibilityGlobals) = postSolution
		SolutionGuid = {C730F13D-93B8-456A-8303-2F6F7FFC01C6}
	EndGlobalSection
EndGlobal
